
Microsoft Visual Studio Solution File, Format Version 12.00
# Visual Studio Version 17
VisualStudioVersion = 17.1.32210.238
MinimumVisualStudioVersion = 10.0.40219.1
Project("{2150E333-8FDC-42A3-9474-1A3956D46DE8}") = "Solution Items", "Solution Items", "{994489D9-1E00-4658-A075-0EA63C4E3FD7}"
	ProjectSection(SolutionItems) = preProject
		Procfile = Procfile
	EndProjectSection
EndProject
Project("{6EC3EE1D-3C4E-46DD-8F32-0CC8E7565705}") = "MathQuizBot", "MathQuizBot\MathQuizBot.fsproj", "{76021443-3325-46EB-AAF8-303B921395CA}"
EndProject
Global
	GlobalSection(SolutionConfigurationPlatforms) = preSolution
		Debug|Any CPU = Debug|Any CPU
		Release|Any CPU = Release|Any CPU
	EndGlobalSection
	GlobalSection(ProjectConfigurationPlatforms) = postSolution
		{76021443-3325-46EB-AAF8-303B921395CA}.Debug|Any CPU.ActiveCfg = Debug|Any CPU
		{76021443-3325-46EB-AAF8-303B921395CA}.Debug|Any CPU.Build.0 = Debug|Any CPU
		{76021443-3325-46EB-AAF8-303B921395CA}.Release|Any CPU.ActiveCfg = Release|Any CPU
		{76021443-3325-46EB-AAF8-303B921395CA}.Release|Any CPU.Build.0 = Release|Any CPU
	EndGlobalSection
	GlobalSection(SolutionProperties) = preSolution
		HideSolutionNode = FALSE
	EndGlobalSection
	GlobalSection(ExtensibilityGlobals) = postSolution
		SolutionGuid = {DE22366C-26CA-43A8-8988-32BA67109088}
	EndGlobalSection
EndGlobal
